
Microsoft Visual Studio Solution File, Format Version 12.00
# Visual Studio Version 17
VisualStudioVersion = 17.14.36705.20 d17.14
MinimumVisualStudioVersion = 10.0.40219.1
Project("{FAE04EC0-301F-11D3-BF4B-00C04F79EFBC}") = "AeroNotify", "AeroNotify.csproj", "{8DB23744-790A-45A9-A6B1-F05CB4626A0E}"
EndProject
Project("{FAE04EC0-301F-11D3-BF4B-00C04F79EFBC}") = "AeroNotify.IVAO", "..\AeroNotify.IVAO\AeroNotify.IVAO.csproj", "{F9A7D2CA-446E-4787-9E89-2F0E48739565}"
EndProject
Global
	GlobalSection(SolutionConfigurationPlatforms) = preSolution
		Debug|Any CPU = Debug|Any CPU
		Release|Any CPU = Release|Any CPU
	EndGlobalSection
	GlobalSection(ProjectConfigurationPlatforms) = postSolution
		{8DB23744-790A-45A9-A6B1-F05CB4626A0E}.Debug|Any CPU.ActiveCfg = Debug|Any CPU
		{8DB23744-790A-45A9-A6B1-F05CB4626A0E}.Debug|Any CPU.Build.0 = Debug|Any CPU
		{8DB23744-790A-45A9-A6B1-F05CB4626A0E}.Release|Any CPU.ActiveCfg = Release|Any CPU
		{8DB23744-790A-45A9-A6B1-F05CB4626A0E}.Release|Any CPU.Build.0 = Release|Any CPU
		{F9A7D2CA-446E-4787-9E89-2F0E48739565}.Debug|Any CPU.ActiveCfg = Debug|Any CPU
		{F9A7D2CA-446E-4787-9E89-2F0E48739565}.Debug|Any CPU.Build.0 = Debug|Any CPU
		{F9A7D2CA-446E-4787-9E89-2F0E48739565}.Release|Any CPU.ActiveCfg = Release|Any CPU
		{F9A7D2CA-446E-4787-9E89-2F0E48739565}.Release|Any CPU.Build.0 = Release|Any CPU
	EndGlobalSection
	GlobalSection(SolutionProperties) = preSolution
		HideSolutionNode = FALSE
	EndGlobalSection
	GlobalSection(ExtensibilityGlobals) = postSolution
		SolutionGuid = {221F10F0-C828-48CD-A9B9-F5B61121D739}
	EndGlobalSection
EndGlobal
